
Microsoft Visual Studio Solution File, Format Version 12.00
# Visual Studio 15
VisualStudioVersion = 15.0.28307.421
MinimumVisualStudioVersion = 10.0.40219.1
Project("{FAE04EC0-301F-11D3-BF4B-00C04F79EFBC}") = "LeetCodeMyCalendarTwo", "LeetCodeMyCalendarTwo\LeetCodeMyCalendarTwo.csproj", "{7E4F0654-1926-4394-BBAB-AFC05BF726A2}"
EndProject
Global
	GlobalSection(SolutionConfigurationPlatforms) = preSolution
		Debug|Any CPU = Debug|Any CPU
		Release|Any CPU = Release|Any CPU
	EndGlobalSection
	GlobalSection(ProjectConfigurationPlatforms) = postSolution
		{7E4F0654-1926-4394-BBAB-AFC05BF726A2}.Debug|Any CPU.ActiveCfg = Debug|Any CPU
		{7E4F0654-1926-4394-BBAB-AFC05BF726A2}.Debug|Any CPU.Build.0 = Debug|Any CPU
		{7E4F0654-1926-4394-BBAB-AFC05BF726A2}.Release|Any CPU.ActiveCfg = Release|Any CPU
		{7E4F0654-1926-4394-BBAB-AFC05BF726A2}.Release|Any CPU.Build.0 = Release|Any CPU
	EndGlobalSection
	GlobalSection(SolutionProperties) = preSolution
		HideSolutionNode = FALSE
	EndGlobalSection
	GlobalSection(ExtensibilityGlobals) = postSolution
		SolutionGuid = {E16B4968-E5FC-4E6C-9A5A-28221989730E}
	EndGlobalSection
EndGlobal
